
Microsoft Visual Studio Solution File, Format Version 12.00
# Visual Studio Version 16
VisualStudioVersion = 16.0.29424.173
MinimumVisualStudioVersion = 10.0.40219.1
Project("{FAE04EC0-301F-11D3-BF4B-00C04F79EFBC}") = "AppEjerciciosTodos2", "AppEjerciciosTodos2\AppEjerciciosTodos2.csproj", "{0007AB9B-D6C2-48CF-B38C-FF7C255E8F86}"
EndProject
Global
	GlobalSection(SolutionConfigurationPlatforms) = preSolution
		Debug|Any CPU = Debug|Any CPU
		Release|Any CPU = Release|Any CPU
	EndGlobalSection
	GlobalSection(ProjectConfigurationPlatforms) = postSolution
		{0007AB9B-D6C2-48CF-B38C-FF7C255E8F86}.Debug|Any CPU.ActiveCfg = Debug|Any CPU
		{0007AB9B-D6C2-48CF-B38C-FF7C255E8F86}.Debug|Any CPU.Build.0 = Debug|Any CPU
		{0007AB9B-D6C2-48CF-B38C-FF7C255E8F86}.Release|Any CPU.ActiveCfg = Release|Any CPU
		{0007AB9B-D6C2-48CF-B38C-FF7C255E8F86}.Release|Any CPU.Build.0 = Release|Any CPU
	EndGlobalSection
	GlobalSection(SolutionProperties) = preSolution
		HideSolutionNode = FALSE
	EndGlobalSection
	GlobalSection(ExtensibilityGlobals) = postSolution
		SolutionGuid = {D4508757-CC53-461B-85C7-97E2FAD2326F}
	EndGlobalSection
EndGlobal
